{
  "name": "01---project",
  "version": "1.0.0",
  "lockfileVersion": 3,
  "requires": true,
  "packages": {
    "": {
      "name": "01---project",
      "version": "1.0.0",
      "license": "MIT",
      "dependencies": {
        "02---library": "^1.0.0",
        "lodash": "^4.17.19"
      },
      "devDependencies": {
        "moment": "^2.30.1"
      }
    },
    "node_modules/02---library": {
      "version": "1.1.0",
      "resolved": "https://registry.npmjs.org/02---library/-/02---library-1.1.0.tgz",
      "integrity": "sha512-fr56K5S/LTUHzAPWTBtSc0VtUt1534svxEST4na44naS9HoWnW1SBX0ekoF1IHhkQsYWtKOrdMfZid4yESPAZA=="
    },
    "node_modules/lodash": {
      "version": "4.17.21",
      "resolved": "https://registry.npmjs.org/lodash/-/lodash-4.17.21.tgz",
      "integrity": "sha512-v2kDEe57lecTulaDIuNTPy3Ry4gLGJ6Z1O3vE1krgXZNrsQ+LFTGHVxVjcXPs17LhbZVGedAJv8XZ1tvj5FvSg=="
    },
    "node_modules/moment": {
      "version": "2.30.1",
      "resolved": "https://registry.npmjs.org/moment/-/moment-2.30.1.tgz",
      "integrity": "sha512-uEmtNhbDOrWPFS+hdjFCBfy9f2YoyzRpwcl+DqpC6taX21FzsTLQVbMV/W7PzNSX6x/bhC1zA3c2UQ5NzH6how==",
      "dev": true,
      "engines": {
        "node": "*"
      }
    }
  }
}
